
Microsoft Visual Studio Solution File, Format Version 12.00
# Visual Studio Version 17
VisualStudioVersion = 17.5.33414.496
MinimumVisualStudioVersion = 10.0.40219.1
Project("{2150E333-8FDC-42A3-9474-1A3956D46DE8}") = "src", "src", "{84732898-76FC-46F9-A4E1-9492D3AC0F14}"
EndProject
Project("{2150E333-8FDC-42A3-9474-1A3956D46DE8}") = "test", "test", "{B3B99A3E-277A-4DC3-98CA-E23FBE50A3C7}"
EndProject
Project("{FAE04EC0-301F-11D3-BF4B-00C04F79EFBC}") = "POS.Domain", "POS.Domain\POS.Domain.csproj", "{A783BE4A-B089-416E-92C0-98B1AF0FC2C8}"
EndProject
Project("{FAE04EC0-301F-11D3-BF4B-00C04F79EFBC}") = "POS.Infraestructura", "POS.Infraestructura\POS.Infraestructura.csproj", "{217D053F-7443-429E-ACD6-E07B0FD82DD4}"
EndProject
Project("{FAE04EC0-301F-11D3-BF4B-00C04F79EFBC}") = "POS.Application", "POS.Application\POS.Application.csproj", "{B2A413CB-77D8-4C76-B539-B207C9C86647}"
EndProject
Project("{FAE04EC0-301F-11D3-BF4B-00C04F79EFBC}") = "POS.API", "POS.API\POS.API.csproj", "{9EA2D5CA-FB1D-42EA-893D-B7C5B205388A}"
EndProject
Project("{FAE04EC0-301F-11D3-BF4B-00C04F79EFBC}") = "POS.Utilities", "POS.Utilities\POS.Utilities.csproj", "{76AFD71D-A9C3-4675-B9CA-4E00CCA3A9E7}"
EndProject
Project("{FAE04EC0-301F-11D3-BF4B-00C04F79EFBC}") = "POS.Test", "POS.Test\POS.Test.csproj", "{35A26A5F-3629-411E-8F2F-4D6D6E6F22E0}"
EndProject
Global
	GlobalSection(SolutionConfigurationPlatforms) = preSolution
		Debug|Any CPU = Debug|Any CPU
		Release|Any CPU = Release|Any CPU
	EndGlobalSection
	GlobalSection(ProjectConfigurationPlatforms) = postSolution
		{A783BE4A-B089-416E-92C0-98B1AF0FC2C8}.Debug|Any CPU.ActiveCfg = Debug|Any CPU
		{A783BE4A-B089-416E-92C0-98B1AF0FC2C8}.Debug|Any CPU.Build.0 = Debug|Any CPU
		{A783BE4A-B089-416E-92C0-98B1AF0FC2C8}.Release|Any CPU.ActiveCfg = Release|Any CPU
		{A783BE4A-B089-416E-92C0-98B1AF0FC2C8}.Release|Any CPU.Build.0 = Release|Any CPU
		{217D053F-7443-429E-ACD6-E07B0FD82DD4}.Debug|Any CPU.ActiveCfg = Debug|Any CPU
		{217D053F-7443-429E-ACD6-E07B0FD82DD4}.Debug|Any CPU.Build.0 = Debug|Any CPU
		{217D053F-7443-429E-ACD6-E07B0FD82DD4}.Release|Any CPU.ActiveCfg = Release|Any CPU
		{217D053F-7443-429E-ACD6-E07B0FD82DD4}.Release|Any CPU.Build.0 = Release|Any CPU
		{B2A413CB-77D8-4C76-B539-B207C9C86647}.Debug|Any CPU.ActiveCfg = Debug|Any CPU
		{B2A413CB-77D8-4C76-B539-B207C9C86647}.Debug|Any CPU.Build.0 = Debug|Any CPU
		{B2A413CB-77D8-4C76-B539-B207C9C86647}.Release|Any CPU.ActiveCfg = Release|Any CPU
		{B2A413CB-77D8-4C76-B539-B207C9C86647}.Release|Any CPU.Build.0 = Release|Any CPU
		{9EA2D5CA-FB1D-42EA-893D-B7C5B205388A}.Debug|Any CPU.ActiveCfg = Debug|Any CPU
		{9EA2D5CA-FB1D-42EA-893D-B7C5B205388A}.Debug|Any CPU.Build.0 = Debug|Any CPU
		{9EA2D5CA-FB1D-42EA-893D-B7C5B205388A}.Release|Any CPU.ActiveCfg = Release|Any CPU
		{9EA2D5CA-FB1D-42EA-893D-B7C5B205388A}.Release|Any CPU.Build.0 = Release|Any CPU
		{76AFD71D-A9C3-4675-B9CA-4E00CCA3A9E7}.Debug|Any CPU.ActiveCfg = Debug|Any CPU
		{76AFD71D-A9C3-4675-B9CA-4E00CCA3A9E7}.Debug|Any CPU.Build.0 = Debug|Any CPU
		{76AFD71D-A9C3-4675-B9CA-4E00CCA3A9E7}.Release|Any CPU.ActiveCfg = Release|Any CPU
		{76AFD71D-A9C3-4675-B9CA-4E00CCA3A9E7}.Release|Any CPU.Build.0 = Release|Any CPU
		{35A26A5F-3629-411E-8F2F-4D6D6E6F22E0}.Debug|Any CPU.ActiveCfg = Debug|Any CPU
		{35A26A5F-3629-411E-8F2F-4D6D6E6F22E0}.Debug|Any CPU.Build.0 = Debug|Any CPU
		{35A26A5F-3629-411E-8F2F-4D6D6E6F22E0}.Release|Any CPU.ActiveCfg = Release|Any CPU
		{35A26A5F-3629-411E-8F2F-4D6D6E6F22E0}.Release|Any CPU.Build.0 = Release|Any CPU
	EndGlobalSection
	GlobalSection(SolutionProperties) = preSolution
		HideSolutionNode = FALSE
	EndGlobalSection
	GlobalSection(NestedProjects) = preSolution
		{A783BE4A-B089-416E-92C0-98B1AF0FC2C8} = {84732898-76FC-46F9-A4E1-9492D3AC0F14}
		{217D053F-7443-429E-ACD6-E07B0FD82DD4} = {84732898-76FC-46F9-A4E1-9492D3AC0F14}
		{B2A413CB-77D8-4C76-B539-B207C9C86647} = {84732898-76FC-46F9-A4E1-9492D3AC0F14}
		{9EA2D5CA-FB1D-42EA-893D-B7C5B205388A} = {84732898-76FC-46F9-A4E1-9492D3AC0F14}
		{76AFD71D-A9C3-4675-B9CA-4E00CCA3A9E7} = {84732898-76FC-46F9-A4E1-9492D3AC0F14}
		{35A26A5F-3629-411E-8F2F-4D6D6E6F22E0} = {B3B99A3E-277A-4DC3-98CA-E23FBE50A3C7}
	EndGlobalSection
	GlobalSection(ExtensibilityGlobals) = postSolution
		SolutionGuid = {E1988B5B-F009-4697-8628-B7E88BB7EF7B}
	EndGlobalSection
EndGlobal
